// !$*UTF8*$!
{
	archiveVersion = 1;
	classes = {
	};
	objectVersion = 55;
	objects = {

/* Begin PBXBuildFile section */
		1324EDDB27BF3C590076C5BD /* AppDelegate.swift in Sources */ = {isa = PBXBuildFile; fileRef = 1324EDDA27BF3C590076C5BD /* AppDelegate.swift */; };
		1324EDDD27BF3C590076C5BD /* SceneDelegate.swift in Sources */ = {isa = PBXBuildFile; fileRef = 1324EDDC27BF3C590076C5BD /* SceneDelegate.swift */; };
		1324EDDF27BF3C590076C5BD /* ViewController.swift in Sources */ = {isa = PBXBuildFile; fileRef = 1324EDDE27BF3C590076C5BD /* ViewController.swift */; };
		1324EDE227BF3C590076C5BD /* Main.storyboard in Resources */ = {isa = PBXBuildFile; fileRef = 1324EDE027BF3C590076C5BD /* Main.storyboard */; };
		1324EDE427BF3C5B0076C5BD /* Assets.xcassets in Resources */ = {isa = PBXBuildFile; fileRef = 1324EDE327BF3C5B0076C5BD /* Assets.xcassets */; };
		1324EDE727BF3C5B0076C5BD /* LaunchScreen.storyboard in Resources */ = {isa = PBXBuildFile; fileRef = 1324EDE527BF3C5B0076C5BD /* LaunchScreen.storyboard */; };
		1324EDEF27BF3D0F0076C5BD /* ConnectionView.swift in Sources */ = {isa = PBXBuildFile; fileRef = 1324EDEE27BF3D0F0076C5BD /* ConnectionView.swift */; };
/* End PBXBuildFile section */

/* Begin PBXFileReference section */
		1324EDD727BF3C590076C5BD /* ConnectTheDots.app */ = {isa = PBXFileReference; explicitFileType = wrapper.application; includeInIndex = 0; path = ConnectTheDots.app; sourceTree = BUILT_PRODUCTS_DIR; };
		1324EDDA27BF3C590076C5BD /* AppDelegate.swift */ = {isa = PBXFileReference; lastKnownFileType = sourcecode.swift; path = AppDelegate.swift; sourceTree = "<group>"; };
		1324EDDC27BF3C590076C5BD /* SceneDelegate.swift */ = {isa = PBXFileReference; lastKnownFileType = sourcecode.swift; path = SceneDelegate.swift; sourceTree = "<group>"; };
		1324EDDE27BF3C590076C5BD /* ViewController.swift */ = {isa = PBXFileReference; lastKnownFileType = sourcecode.swift; path = ViewController.swift; sourceTree = "<group>"; };
		1324EDE127BF3C590076C5BD /* Base */ = {isa = PBXFileReference; lastKnownFileType = file.storyboard; name = Base; path = Base.lproj/Main.storyboard; sourceTree = "<group>"; };
		1324EDE327BF3C5B0076C5BD /* Assets.xcassets */ = {isa = PBXFileReference; lastKnownFileType = folder.assetcatalog; path = Assets.xcassets; sourceTree = "<group>"; };
		1324EDE627BF3C5B0076C5BD /* Base */ = {isa = PBXFileReference; lastKnownFileType = file.storyboard; name = Base; path = Base.lproj/LaunchScreen.storyboard; sourceTree = "<group>"; };
		1324EDE827BF3C5B0076C5BD /* Info.plist */ = {isa = PBXFileReference; lastKnownFileType = text.plist.xml; path = Info.plist; sourceTree = "<group>"; };
		1324EDEE27BF3D0F0076C5BD /* ConnectionView.swift */ = {isa = PBXFileReference; lastKnownFileType = sourcecode.swift; path = ConnectionView.swift; sourceTree = "<group>"; };
/* End PBXFileReference section */

/* Begin PBXFrameworksBuildPhase section */
		1324EDD427BF3C590076C5BD /* Frameworks */ = {
			isa = PBXFrameworksBuildPhase;
			buildActionMask = 2147483647;
			files = (
			);
			runOnlyForDeploymentPostprocessing = 0;
		};
/* End PBXFrameworksBuildPhase section */

/* Begin PBXGroup section */
		1324EDCE27BF3C590076C5BD = {
			isa = PBXGroup;
			children = (
				1324EDD927BF3C590076C5BD /* ConnectTheDots */,
				1324EDD827BF3C590076C5BD /* Products */,
			);
			sourceTree = "<group>";
		};
		1324EDD827BF3C590076C5BD /* Products */ = {
			isa = PBXGroup;
			children = (
				1324EDD727BF3C590076C5BD /* ConnectTheDots.app */,
			);
			name = Products;
			sourceTree = "<group>";
		};
		1324EDD927BF3C590076C5BD /* ConnectTheDots */ = {
			isa = PBXGroup;
			children = (
				1324EDDA27BF3C590076C5BD /* AppDelegate.swift */,
				1324EDDC27BF3C590076C5BD /* SceneDelegate.swift */,
				1324EDDE27BF3C590076C5BD /* ViewController.swift */,
				1324EDEE27BF3D0F0076C5BD /* ConnectionView.swift */,
				1324EDE027BF3C590076C5BD /* Main.storyboard */,
				1324EDE327BF3C5B0076C5BD /* Assets.xcassets */,
				1324EDE527BF3C5B0076C5BD /* LaunchScreen.storyboard */,
				1324EDE827BF3C5B0076C5BD /* Info.plist */,
			);
			path = ConnectTheDots;
			sourceTree = "<group>";
		};
/* End PBXGroup section */

/* Begin PBXNativeTarget section */
		1324EDD627BF3C590076C5BD /* ConnectTheDots */ = {
			isa = PBXNativeTarget;
			buildConfigurationList = 1324EDEB27BF3C5B0076C5BD /* Build configuration list for PBXNativeTarget "ConnectTheDots" */;
			buildPhases = (
				1324EDD327BF3C590076C5BD /* Sources */,
				1324EDD427BF3C590076C5BD /* Frameworks */,
				1324EDD527BF3C590076C5BD /* Resources */,
			);
			buildRules = (
			);
			dependencies = (
			);
			name = ConnectTheDots;
			productName = ConnectTheDots;
			productReference = 1324EDD727BF3C590076C5BD /* ConnectTheDots.app */;
			productType = "com.apple.product-type.application";
		};
/* End PBXNativeTarget section */

/* Begin PBXProject section */
		1324EDCF27BF3C590076C5BD /* Project object */ = {
			isa = PBXProject;
			attributes = {
				BuildIndependentTargetsInParallel = 1;
				LastSwiftUpdateCheck = 1320;
				LastUpgradeCheck = 1320;
				TargetAttributes = {
					1324EDD627BF3C590076C5BD = {
						CreatedOnToolsVersion = 13.2.1;
					};
				};
			};
			buildConfigurationList = 1324EDD227BF3C590076C5BD /* Build configuration list for PBXProject "ConnectTheDots" */;
			compatibilityVersion = "Xcode 13.0";
			developmentRegion = en;
			hasScannedForEncodings = 0;
			knownRegions = (
				en,
				Base,
			);
			mainGroup = 1324EDCE27BF3C590076C5BD;
			productRefGroup = 1324EDD827BF3C590076C5BD /* Products */;
			projectDirPath = "";
			projectRoot = "";
			targets = (
				1324EDD627BF3C590076C5BD /* ConnectTheDots */,
			);
		};
/* End PBXProject section */

/* Begin PBXResourcesBuildPhase section */
		1324EDD527BF3C590076C5BD /* Resources */ = {
			isa = PBXResourcesBuildPhase;
			buildActionMask = 2147483647;
			files = (
				1324EDE727BF3C5B0076C5BD /* LaunchScreen.storyboard in Resources */,
				1324EDE427BF3C5B0076C5BD /* Assets.xcassets in Resources */,
				1324EDE227BF3C590076C5BD /* Main.storyboard in Resources */,
			);
			runOnlyForDeploymentPostprocessing = 0;
		};
/* End PBXResourcesBuildPhase section */

/* Begin PBXSourcesBuildPhase section */
		1324EDD327BF3C590076C5BD /* Sources */ = {
			isa = PBXSourcesBuildPhase;
			buildActionMask = 2147483647;
			files = (
				1324EDDF27BF3C590076C5BD /* ViewController.swift in Sources */,
				1324EDDB27BF3C590076C5BD /* AppDelegate.swift in Sources */,
				1324EDEF27BF3D0F0076C5BD /* ConnectionView.swift in Sources */,
				1324EDDD27BF3C590076C5BD /* SceneDelegate.swift in Sources */,
			);
			runOnlyForDeploymentPostprocessing = 0;
		};
/* End PBXSourcesBuildPhase section */

/* Begin PBXVariantGroup section */
		1324EDE027BF3C590076C5BD /* Main.storyboard */ = {
			isa = PBXVariantGroup;
			children = (
				1324EDE127BF3C590076C5BD /* Base */,
			);
			name = Main.storyboard;
			sourceTree = "<group>";
		};
		1324EDE527BF3C5B0076C5BD /* LaunchScreen.storyboard */ = {
			isa = PBXVariantGroup;
			children = (
				1324EDE627BF3C5B0076C5BD /* Base */,
			);
			name = LaunchScreen.storyboard;
			sourceTree = "<group>";
		};
/* End PBXVariantGroup section */

/* Begin XCBuildConfiguration section */
		1324EDE927BF3C5B0076C5BD /* Debug */ = {
			isa = XCBuildConfiguration;
			buildSettings = {
				ALWAYS_SEARCH_USER_PATHS = NO;
				CLANG_ANALYZER_NONNULL = YES;
				CLANG_ANALYZER_NUMBER_OBJECT_CONVERSION = YES_AGGRESSIVE;
				CLANG_CXX_LANGUAGE_STANDARD = "gnu++17";
				CLANG_CXX_LIBRARY = "libc++";
				CLANG_ENABLE_MODULES = YES;
				CLANG_ENABLE_OBJC_ARC = YES;
				CLANG_ENABLE_OBJC_WEAK = YES;
				CLANG_WARN_BLOCK_CAPTURE_AUTORELEASING = YES;
				CLANG_WARN_BOOL_CONVERSION = YES;
				CLANG_WARN_COMMA = YES;
				CLANG_WARN_CONSTANT_CONVERSION = YES;
				CLANG_WARN_DEPRECATED_OBJC_IMPLEMENTATIONS = YES;
				CLANG_WARN_DIRECT_OBJC_ISA_USAGE = YES_ERROR;
				CLANG_WARN_DOCUMENTATION_COMMENTS = YES;
				CLANG_WARN_EMPTY_BODY = YES;
				CLANG_WARN_ENUM_CONVERSION = YES;
				CLANG_WARN_INFINITE_RECURSION = YES;
				CLANG_WARN_INT_CONVERSION = YES;
				CLANG_WARN_NON_LITERAL_NULL_CONVERSION = YES;
				CLANG_WARN_OBJC_IMPLICIT_RETAIN_SELF = YES;
				CLANG_WARN_OBJC_LITERAL_CONVERSION = YES;
				CLANG_WARN_OBJC_ROOT_CLASS = YES_ERROR;
				CLANG_WARN_QUOTED_INCLUDE_IN_FRAMEWORK_HEADER = YES;
				CLANG_WARN_RANGE_LOOP_ANALYSIS = YES;
				CLANG_WARN_STRICT_PROTOTYPES = YES;
				CLANG_WARN_SUSPICIOUS_MOVE = YES;
				CLANG_WARN_UNGUARDED_AVAILABILITY = YES_AGGRESSIVE;
				CLANG_WARN_UNREACHABLE_CODE = YES;
				CLANG_WARN__DUPLICATE_METHOD_MATCH = YES;
				COPY_PHASE_STRIP = NO;
				DEBUG_INFORMATION_FORMAT = dwarf;
				ENABLE_STRICT_OBJC_MSGSEND = YES;
				ENABLE_TESTABILITY = YES;
				GCC_C_LANGUAGE_STANDARD = gnu11;
				GCC_DYNAMIC_NO_PIC = NO;
				GCC_NO_COMMON_BLOCKS = YES;
				GCC_OPTIMIZATION_LEVEL = 0;
				GCC_PREPROCESSOR_DEFINITIONS = (
					"DEBUG=1",
					"$(inherited)",
				);
				GCC_WARN_64_TO_32_BIT_CONVERSION = YES;
				GCC_WARN_ABOUT_RETURN_TYPE = YES_ERROR;
				GCC_WARN_UNDECLARED_SELECTOR = YES;
				GCC_WARN_UNINITIALIZED_AUTOS = YES_AGGRESSIVE;
				GCC_WARN_UNUSED_FUNCTION = YES;
				GCC_WARN_UNUSED_VARIABLE = YES;
				IPHONEOS_DEPLOYMENT_TARGET = 15.2;
				MTL_ENABLE_DEBUG_INFO = INCLUDE_SOURCE;
				MTL_FAST_MATH = YES;
				ONLY_ACTIVE_ARCH = YES;
				SDKROOT = iphoneos;
				SWIFT_ACTIVE_COMPILATION_CONDITIONS = DEBUG;
				SWIFT_OPTIMIZATION_LEVEL = "-Onone";
			};
			name = Debug;
		};
		1324EDEA27BF3C5B0076C5BD /* Release */ = {
			isa = XCBuildConfiguration;
			buildSettings = {
				ALWAYS_SEARCH_USER_PATHS = NO;
				CLANG_ANALYZER_NONNULL = YES;
				CLANG_ANALYZER_NUMBER_OBJECT_CONVERSION = YES_AGGRESSIVE;
				CLANG_CXX_LANGUAGE_STANDARD = "gnu++17";
				CLANG_CXX_LIBRARY = "libc++";
				CLANG_ENABLE_MODULES = YES;
				CLANG_ENABLE_OBJC_ARC = YES;
				CLANG_ENABLE_OBJC_WEAK = YES;
				CLANG_WARN_BLOCK_CAPTURE_AUTORELEASING = YES;
				CLANG_WARN_BOOL_CONVERSION = YES;
				CLANG_WARN_COMMA = YES;
				CLANG_WARN_CONSTANT_CONVERSION = YES;
				CLANG_WARN_DEPRECATED_OBJC_IMPLEMENTATIONS = YES;
				CLANG_WARN_DIRECT_OBJC_ISA_USAGE = YES_ERROR;
				CLANG_WARN_DOCUMENTATION_COMMENTS = YES;
				CLANG_WARN_EMPTY_BODY = YES;
				CLANG_WARN_ENUM_CONVERSION = YES;
				CLANG_WARN_INFINITE_RECURSION = YES;
				CLANG_WARN_INT_CONVERSION = YES;
				CLANG_WARN_NON_LITERAL_NULL_CONVERSION = YES;
				CLANG_WARN_OBJC_IMPLICIT_RETAIN_SELF = YES;
				CLANG_WARN_OBJC_LITERAL_CONVERSION = YES;
				CLANG_WARN_OBJC_ROOT_CLASS = YES_ERROR;
				CLANG_WARN_QUOTED_INCLUDE_IN_FRAMEWORK_HEADER = YES;
				CLANG_WARN_RANGE_LOOP_ANALYSIS = YES;
				CLANG_WARN_STRICT_PROTOTYPES = YES;
				CLANG_WARN_SUSPICIOUS_MOVE = YES;
				CLANG_WARN_UNGUARDED_AVAILABILITY = YES_AGGRESSIVE;
				CLANG_WARN_UNREACHABLE_CODE = YES;
				CLANG_WARN__DUPLICATE_METHOD_MATCH = YES;
				COPY_PHASE_STRIP = NO;
				DEBUG_INFORMATION_FORMAT = "dwarf-with-dsym";
				ENABLE_NS_ASSERTIONS = NO;
				ENABLE_STRICT_OBJC_MSGSEND = YES;
				GCC_C_LANGUAGE_STANDARD = gnu11;
				GCC_NO_COMMON_BLOCKS = YES;
				GCC_WARN_64_TO_32_BIT_CONVERSION = YES;
				GCC_WARN_ABOUT_RETURN_TYPE = YES_ERROR;
				GCC_WARN_UNDECLARED_SELECTOR = YES;
				GCC_WARN_UNINITIALIZED_AUTOS = YES_AGGRESSIVE;
				GCC_WARN_UNUSED_FUNCTION = YES;
				GCC_WARN_UNUSED_VARIABLE = YES;
				IPHONEOS_DEPLOYMENT_TARGET = 15.2;
				MTL_ENABLE_DEBUG_INFO = NO;
				MTL_FAST_MATH = YES;
				SDKROOT = iphoneos;
				SWIFT_COMPILATION_MODE = wholemodule;
				SWIFT_OPTIMIZATION_LEVEL = "-O";
				VALIDATE_PRODUCT = YES;
			};
			name = Release;
		};
		1324EDEC27BF3C5B0076C5BD /* Debug */ = {
			isa = XCBuildConfiguration;
			buildSettings = {
				ASSETCATALOG_COMPILER_APPICON_NAME = AppIcon;
				ASSETCATALOG_COMPILER_GLOBAL_ACCENT_COLOR_NAME = AccentColor;
				CODE_SIGN_STYLE = Automatic;
				CURRENT_PROJECT_VERSION = 1;
				DEVELOPMENT_TEAM = J4VPUT8SM9;
				GENERATE_INFOPLIST_FILE = YES;
				INFOPLIST_FILE = ConnectTheDots/Info.plist;
				INFOPLIST_KEY_UIApplicationSupportsIndirectInputEvents = YES;
				INFOPLIST_KEY_UILaunchStoryboardName = LaunchScreen;
				INFOPLIST_KEY_UIMainStoryboardFile = Main;
				INFOPLIST_KEY_UISupportedInterfaceOrientations_iPad = "UIInterfaceOrientationPortrait UIInterfaceOrientationPortraitUpsideDown UIInterfaceOrientationLandscapeLeft UIInterfaceOrientationLandscapeRight";
				INFOPLIST_KEY_UISupportedInterfaceOrientations_iPhone = "UIInterfaceOrientationPortrait UIInterfaceOrientationLandscapeLeft UIInterfaceOrientationLandscapeRight";
				LD_RUNPATH_SEARCH_PATHS = (
					"$(inherited)",
					"@executable_path/Frameworks",
				);
				MARKETING_VERSION = 1.0;
				PRODUCT_BUNDLE_IDENTIFIER = dev.manishkumar.ConnectTheDots;
				PRODUCT_NAME = "$(TARGET_NAME)";
				SWIFT_EMIT_LOC_STRINGS = YES;
				SWIFT_VERSION = 5.0;
				TARGETED_DEVICE_FAMILY = "1,2";
			};
			name = Debug;
		};
		1324EDED27BF3C5B0076C5BD /* Release */ = {
			isa = XCBuildConfiguration;
			buildSettings = {
				ASSETCATALOG_COMPILER_APPICON_NAME = AppIcon;
				ASSETCATALOG_COMPILER_GLOBAL_ACCENT_COLOR_NAME = AccentColor;
				CODE_SIGN_STYLE = Automatic;
				CURRENT_PROJECT_VERSION = 1;
				DEVELOPMENT_TEAM = J4VPUT8SM9;
				GENERATE_INFOPLIST_FILE = YES;
				INFOPLIST_FILE = ConnectTheDots/Info.plist;
				INFOPLIST_KEY_UIApplicationSupportsIndirectInputEvents = YES;
				INFOPLIST_KEY_UILaunchStoryboardName = LaunchScreen;
				INFOPLIST_KEY_UIMainStoryboardFile = Main;
				INFOPLIST_KEY_UISupportedInterfaceOrientations_iPad = "UIInterfaceOrientationPortrait UIInterfaceOrientationPortraitUpsideDown UIInterfaceOrientationLandscapeLeft UIInterfaceOrientationLandscapeRight";
				INFOPLIST_KEY_UISupportedInterfaceOrientations_iPhone = "UIInterfaceOrientationPortrait UIInterfaceOrientationLandscapeLeft UIInterfaceOrientationLandscapeRight";
				LD_RUNPATH_SEARCH_PATHS = (
					"$(inherited)",
					"@executable_path/Frameworks",
				);
				MARKETING_VERSION = 1.0;
				PRODUCT_BUNDLE_IDENTIFIER = dev.manishkumar.ConnectTheDots;
				PRODUCT_NAME = "$(TARGET_NAME)";
				SWIFT_EMIT_LOC_STRINGS = YES;
				SWIFT_VERSION = 5.0;
				TARGETED_DEVICE_FAMILY = "1,2";
			};
			name = Release;
		};
/* End XCBuildConfiguration section */

/* Begin XCConfigurationList section */
		1324EDD227BF3C590076C5BD /* Build configuration list for PBXProject "ConnectTheDots" */ = {
			isa = XCConfigurationList;
			buildConfigurations = (
				1324EDE927BF3C5B0076C5BD /* Debug */,
				1324EDEA27BF3C5B0076C5BD /* Release */,
			);
			defaultConfigurationIsVisible = 0;
			defaultConfigurationName = Release;
		};
		1324EDEB27BF3C5B0076C5BD /* Build configuration list for PBXNativeTarget "ConnectTheDots" */ = {
			isa = XCConfigurationList;
			buildConfigurations = (
				1324EDEC27BF3C5B0076C5BD /* Debug */,
				1324EDED27BF3C5B0076C5BD /* Release */,
			);
			defaultConfigurationIsVisible = 0;
			defaultConfigurationName = Release;
		};
/* End XCConfigurationList section */
	};
	rootObject = 1324EDCF27BF3C590076C5BD /* Project object */;
}
